
Microsoft Visual Studio Solution File, Format Version 12.00
# Visual Studio Version 16
VisualStudioVersion = 16.0.34601.136
MinimumVisualStudioVersion = 10.0.40219.1
Project("{FAE04EC0-301F-11D3-BF4B-00C04F79EFBC}") = "MyListDictionaryDemo", "MyListDictionaryDemo\MyListDictionaryDemo.csproj", "{FBB20621-3663-4C16-8DC5-A603074723FD}"
EndProject
Global
	GlobalSection(SolutionConfigurationPlatforms) = preSolution
		Debug|Any CPU = Debug|Any CPU
		Release|Any CPU = Release|Any CPU
	EndGlobalSection
	GlobalSection(ProjectConfigurationPlatforms) = postSolution
		{FBB20621-3663-4C16-8DC5-A603074723FD}.Debug|Any CPU.ActiveCfg = Debug|Any CPU
		{FBB20621-3663-4C16-8DC5-A603074723FD}.Debug|Any CPU.Build.0 = Debug|Any CPU
		{FBB20621-3663-4C16-8DC5-A603074723FD}.Release|Any CPU.ActiveCfg = Release|Any CPU
		{FBB20621-3663-4C16-8DC5-A603074723FD}.Release|Any CPU.Build.0 = Release|Any CPU
	EndGlobalSection
	GlobalSection(SolutionProperties) = preSolution
		HideSolutionNode = FALSE
	EndGlobalSection
	GlobalSection(ExtensibilityGlobals) = postSolution
		SolutionGuid = {077215F2-4321-467C-BED9-C189583AFA51}
	EndGlobalSection
EndGlobal
